
Microsoft Visual Studio Solution File, Format Version 12.00
# Visual Studio 15
VisualStudioVersion = 15.0.28307.438
MinimumVisualStudioVersion = 10.0.40219.1
Project("{8BC9CEB8-8B4A-11D0-8D11-00A0C91BC942}") = "OS_Assignment02", "OS_Assignment02\OS_Assignment02.vcxproj", "{6B99226E-215C-4B81-9034-CA72B8DCC784}"
EndProject
Global
	GlobalSection(SolutionConfigurationPlatforms) = preSolution
		Debug|x64 = Debug|x64
		Debug|x86 = Debug|x86
		Release|x64 = Release|x64
		Release|x86 = Release|x86
	EndGlobalSection
	GlobalSection(ProjectConfigurationPlatforms) = postSolution
		{6B99226E-215C-4B81-9034-CA72B8DCC784}.Debug|x64.ActiveCfg = Debug|x64
		{6B99226E-215C-4B81-9034-CA72B8DCC784}.Debug|x64.Build.0 = Debug|x64
		{6B99226E-215C-4B81-9034-CA72B8DCC784}.Debug|x86.ActiveCfg = Debug|Win32
		{6B99226E-215C-4B81-9034-CA72B8DCC784}.Debug|x86.Build.0 = Debug|Win32
		{6B99226E-215C-4B81-9034-CA72B8DCC784}.Release|x64.ActiveCfg = Release|x64
		{6B99226E-215C-4B81-9034-CA72B8DCC784}.Release|x64.Build.0 = Release|x64
		{6B99226E-215C-4B81-9034-CA72B8DCC784}.Release|x86.ActiveCfg = Release|Win32
		{6B99226E-215C-4B81-9034-CA72B8DCC784}.Release|x86.Build.0 = Release|Win32
	EndGlobalSection
	GlobalSection(SolutionProperties) = preSolution
		HideSolutionNode = FALSE
	EndGlobalSection
	GlobalSection(ExtensibilityGlobals) = postSolution
		SolutionGuid = {353141A1-B1D9-41F6-A21D-7118C1A2B1D7}
	EndGlobalSection
EndGlobal
